
Microsoft Visual Studio Solution File, Format Version 12.00
# Visual Studio Version 17
VisualStudioVersion = 17.5.002.0
MinimumVisualStudioVersion = 10.0.40219.1
Project("{9A19103F-16F7-4668-BE54-9A1E7A4F7556}") = "csharp-grpc-cars", "csharp-grpc-cars.csproj", "{BF5E8EA6-721A-4322-9DF0-167017157358}"
EndProject
Global
	GlobalSection(SolutionConfigurationPlatforms) = preSolution
		Debug|Any CPU = Debug|Any CPU
		Release|Any CPU = Release|Any CPU
	EndGlobalSection
	GlobalSection(ProjectConfigurationPlatforms) = postSolution
		{BF5E8EA6-721A-4322-9DF0-167017157358}.Debug|Any CPU.ActiveCfg = Debug|Any CPU
		{BF5E8EA6-721A-4322-9DF0-167017157358}.Debug|Any CPU.Build.0 = Debug|Any CPU
		{BF5E8EA6-721A-4322-9DF0-167017157358}.Release|Any CPU.ActiveCfg = Release|Any CPU
		{BF5E8EA6-721A-4322-9DF0-167017157358}.Release|Any CPU.Build.0 = Release|Any CPU
	EndGlobalSection
	GlobalSection(SolutionProperties) = preSolution
		HideSolutionNode = FALSE
	EndGlobalSection
	GlobalSection(ExtensibilityGlobals) = postSolution
		SolutionGuid = {308AC70D-684D-4D37-A03E-CCD3BBCBEC62}
	EndGlobalSection
EndGlobal
